
Microsoft Visual Studio Solution File, Format Version 12.00
# Visual Studio Version 17
VisualStudioVersion = 17.6.33829.357
MinimumVisualStudioVersion = 10.0.40219.1
Project("{9A19103F-16F7-4668-BE54-9A1E7A4F7556}") = "API", "MySportShope\API.csproj", "{F3726E9A-FE95-4911-9A4F-7D1E7F904814}"
EndProject
Project("{54A90642-561A-4BB1-A94E-469ADEE60C69}") = "react-mysportshope", "react-MySportShope\react-mysportshope.esproj", "{A0D9B084-5B3B-438F-9FA6-398CE05F42E4}"
EndProject
Global
	GlobalSection(SolutionConfigurationPlatforms) = preSolution
		Debug|Any CPU = Debug|Any CPU
		Release|Any CPU = Release|Any CPU
	EndGlobalSection
	GlobalSection(ProjectConfigurationPlatforms) = postSolution
		{F3726E9A-FE95-4911-9A4F-7D1E7F904814}.Debug|Any CPU.ActiveCfg = Debug|Any CPU
		{F3726E9A-FE95-4911-9A4F-7D1E7F904814}.Debug|Any CPU.Build.0 = Debug|Any CPU
		{F3726E9A-FE95-4911-9A4F-7D1E7F904814}.Release|Any CPU.ActiveCfg = Release|Any CPU
		{F3726E9A-FE95-4911-9A4F-7D1E7F904814}.Release|Any CPU.Build.0 = Release|Any CPU
		{A0D9B084-5B3B-438F-9FA6-398CE05F42E4}.Debug|Any CPU.ActiveCfg = Debug|Any CPU
		{A0D9B084-5B3B-438F-9FA6-398CE05F42E4}.Debug|Any CPU.Build.0 = Debug|Any CPU
		{A0D9B084-5B3B-438F-9FA6-398CE05F42E4}.Debug|Any CPU.Deploy.0 = Debug|Any CPU
		{A0D9B084-5B3B-438F-9FA6-398CE05F42E4}.Release|Any CPU.ActiveCfg = Release|Any CPU
		{A0D9B084-5B3B-438F-9FA6-398CE05F42E4}.Release|Any CPU.Build.0 = Release|Any CPU
		{A0D9B084-5B3B-438F-9FA6-398CE05F42E4}.Release|Any CPU.Deploy.0 = Release|Any CPU
	EndGlobalSection
	GlobalSection(SolutionProperties) = preSolution
		HideSolutionNode = FALSE
	EndGlobalSection
	GlobalSection(ExtensibilityGlobals) = postSolution
		SolutionGuid = {2944B089-790B-441B-BD8B-FC15AE6F9E5C}
	EndGlobalSection
EndGlobal
